
Microsoft Visual Studio Solution File, Format Version 12.00
# Visual Studio 15
VisualStudioVersion = 15.0.27703.2035
MinimumVisualStudioVersion = 10.0.40219.1
Project("{FAE04EC0-301F-11D3-BF4B-00C04F79EFBC}") = "BarkodSistemTekstil", "BarkodSistemTekstil\BarkodSistemTekstil.csproj", "{44F0F706-FB64-46AC-B1BD-3371FB805DB3}"
EndProject
Global
	GlobalSection(SolutionConfigurationPlatforms) = preSolution
		Debug|Any CPU = Debug|Any CPU
		Release|Any CPU = Release|Any CPU
	EndGlobalSection
	GlobalSection(ProjectConfigurationPlatforms) = postSolution
		{44F0F706-FB64-46AC-B1BD-3371FB805DB3}.Debug|Any CPU.ActiveCfg = Debug|Any CPU
		{44F0F706-FB64-46AC-B1BD-3371FB805DB3}.Debug|Any CPU.Build.0 = Debug|Any CPU
		{44F0F706-FB64-46AC-B1BD-3371FB805DB3}.Release|Any CPU.ActiveCfg = Release|Any CPU
		{44F0F706-FB64-46AC-B1BD-3371FB805DB3}.Release|Any CPU.Build.0 = Release|Any CPU
	EndGlobalSection
	GlobalSection(SolutionProperties) = preSolution
		HideSolutionNode = FALSE
	EndGlobalSection
	GlobalSection(ExtensibilityGlobals) = postSolution
		SolutionGuid = {CD162295-A507-44F4-8DD2-31A5EAB306CF}
	EndGlobalSection
EndGlobal
